// !$*UTF8*$!
{
	archiveVersion = 1;
	classes = {
	};
	objectVersion = 55;
	objects = {

/* Begin PBXBuildFile section */
		055CBC4B28008F7C00A4DC36 /* MyNavigationApp.swift in Sources */ = {isa = PBXBuildFile; fileRef = 055CBC4A28008F7C00A4DC36 /* MyNavigationApp.swift */; };
		055CBC4D28008F7C00A4DC36 /* ContentView.swift in Sources */ = {isa = PBXBuildFile; fileRef = 055CBC4C28008F7C00A4DC36 /* ContentView.swift */; };
		055CBC4F28008F7D00A4DC36 /* Assets.xcassets in Resources */ = {isa = PBXBuildFile; fileRef = 055CBC4E28008F7D00A4DC36 /* Assets.xcassets */; };
		055CBC5228008F7D00A4DC36 /* Preview Assets.xcassets in Resources */ = {isa = PBXBuildFile; fileRef = 055CBC5128008F7D00A4DC36 /* Preview Assets.xcassets */; };
		055CBC73280149E900A4DC36 /* NavigationStackView.swift in Sources */ = {isa = PBXBuildFile; fileRef = 055CBC72280149E900A4DC36 /* NavigationStackView.swift */; };
		055CBC7728014F7900A4DC36 /* SecondView.swift in Sources */ = {isa = PBXBuildFile; fileRef = 055CBC7628014F7900A4DC36 /* SecondView.swift */; };
		055CBC7928014F8300A4DC36 /* FirstView.swift in Sources */ = {isa = PBXBuildFile; fileRef = 055CBC7828014F8300A4DC36 /* FirstView.swift */; };
		056396062801CF1A006F5C2B /* ThirdView.swift in Sources */ = {isa = PBXBuildFile; fileRef = 056396052801CF1A006F5C2B /* ThirdView.swift */; };
		056396082801CF8A006F5C2B /* FourthView.swift in Sources */ = {isa = PBXBuildFile; fileRef = 056396072801CF8A006F5C2B /* FourthView.swift */; };
/* End PBXBuildFile section */

/* Begin PBXFileReference section */
		055CBC4728008F7C00A4DC36 /* MyNavigation.app */ = {isa = PBXFileReference; explicitFileType = wrapper.application; includeInIndex = 0; path = MyNavigation.app; sourceTree = BUILT_PRODUCTS_DIR; };
		055CBC4A28008F7C00A4DC36 /* MyNavigationApp.swift */ = {isa = PBXFileReference; lastKnownFileType = sourcecode.swift; path = MyNavigationApp.swift; sourceTree = "<group>"; };
		055CBC4C28008F7C00A4DC36 /* ContentView.swift */ = {isa = PBXFileReference; lastKnownFileType = sourcecode.swift; path = ContentView.swift; sourceTree = "<group>"; };
		055CBC4E28008F7D00A4DC36 /* Assets.xcassets */ = {isa = PBXFileReference; lastKnownFileType = folder.assetcatalog; path = Assets.xcassets; sourceTree = "<group>"; };
		055CBC5128008F7D00A4DC36 /* Preview Assets.xcassets */ = {isa = PBXFileReference; lastKnownFileType = folder.assetcatalog; path = "Preview Assets.xcassets"; sourceTree = "<group>"; };
		055CBC72280149E900A4DC36 /* NavigationStackView.swift */ = {isa = PBXFileReference; lastKnownFileType = sourcecode.swift; path = NavigationStackView.swift; sourceTree = "<group>"; };
		055CBC7628014F7900A4DC36 /* SecondView.swift */ = {isa = PBXFileReference; lastKnownFileType = sourcecode.swift; path = SecondView.swift; sourceTree = "<group>"; };
		055CBC7828014F8300A4DC36 /* FirstView.swift */ = {isa = PBXFileReference; lastKnownFileType = sourcecode.swift; path = FirstView.swift; sourceTree = "<group>"; };
		056396052801CF1A006F5C2B /* ThirdView.swift */ = {isa = PBXFileReference; lastKnownFileType = sourcecode.swift; path = ThirdView.swift; sourceTree = "<group>"; };
		056396072801CF8A006F5C2B /* FourthView.swift */ = {isa = PBXFileReference; lastKnownFileType = sourcecode.swift; path = FourthView.swift; sourceTree = "<group>"; };
/* End PBXFileReference section */

/* Begin PBXFrameworksBuildPhase section */
		055CBC4428008F7C00A4DC36 /* Frameworks */ = {
			isa = PBXFrameworksBuildPhase;
			buildActionMask = 2147483647;
			files = (
			);
			runOnlyForDeploymentPostprocessing = 0;
		};
/* End PBXFrameworksBuildPhase section */

/* Begin PBXGroup section */
		055CBC3E28008F7C00A4DC36 = {
			isa = PBXGroup;
			children = (
				055CBC4928008F7C00A4DC36 /* MyNavigation */,
				055CBC4828008F7C00A4DC36 /* Products */,
			);
			sourceTree = "<group>";
		};
		055CBC4828008F7C00A4DC36 /* Products */ = {
			isa = PBXGroup;
			children = (
				055CBC4728008F7C00A4DC36 /* MyNavigation.app */,
			);
			name = Products;
			sourceTree = "<group>";
		};
		055CBC4928008F7C00A4DC36 /* MyNavigation */ = {
			isa = PBXGroup;
			children = (
				055CBC4A28008F7C00A4DC36 /* MyNavigationApp.swift */,
				055CBC72280149E900A4DC36 /* NavigationStackView.swift */,
				055CBC7828014F8300A4DC36 /* FirstView.swift */,
				056396052801CF1A006F5C2B /* ThirdView.swift */,
				056396072801CF8A006F5C2B /* FourthView.swift */,
				055CBC7628014F7900A4DC36 /* SecondView.swift */,
				055CBC4C28008F7C00A4DC36 /* ContentView.swift */,
				055CBC4E28008F7D00A4DC36 /* Assets.xcassets */,
				055CBC5028008F7D00A4DC36 /* Preview Content */,
			);
			path = MyNavigation;
			sourceTree = "<group>";
		};
		055CBC5028008F7D00A4DC36 /* Preview Content */ = {
			isa = PBXGroup;
			children = (
				055CBC5128008F7D00A4DC36 /* Preview Assets.xcassets */,
			);
			path = "Preview Content";
			sourceTree = "<group>";
		};
/* End PBXGroup section */

/* Begin PBXNativeTarget section */
		055CBC4628008F7C00A4DC36 /* MyNavigation */ = {
			isa = PBXNativeTarget;
			buildConfigurationList = 055CBC5528008F7D00A4DC36 /* Build configuration list for PBXNativeTarget "MyNavigation" */;
			buildPhases = (
				055CBC4328008F7C00A4DC36 /* Sources */,
				055CBC4428008F7C00A4DC36 /* Frameworks */,
				055CBC4528008F7C00A4DC36 /* Resources */,
			);
			buildRules = (
			);
			dependencies = (
			);
			name = MyNavigation;
			productName = MyNavigation;
			productReference = 055CBC4728008F7C00A4DC36 /* MyNavigation.app */;
			productType = "com.apple.product-type.application";
		};
/* End PBXNativeTarget section */

/* Begin PBXProject section */
		055CBC3F28008F7C00A4DC36 /* Project object */ = {
			isa = PBXProject;
			attributes = {
				BuildIndependentTargetsInParallel = 1;
				LastSwiftUpdateCheck = 1310;
				LastUpgradeCheck = 1310;
				TargetAttributes = {
					055CBC4628008F7C00A4DC36 = {
						CreatedOnToolsVersion = 13.1;
					};
				};
			};
			buildConfigurationList = 055CBC4228008F7C00A4DC36 /* Build configuration list for PBXProject "MyNavigation" */;
			compatibilityVersion = "Xcode 13.0";
			developmentRegion = en;
			hasScannedForEncodings = 0;
			knownRegions = (
				en,
				Base,
			);
			mainGroup = 055CBC3E28008F7C00A4DC36;
			productRefGroup = 055CBC4828008F7C00A4DC36 /* Products */;
			projectDirPath = "";
			projectRoot = "";
			targets = (
				055CBC4628008F7C00A4DC36 /* MyNavigation */,
			);
		};
/* End PBXProject section */

/* Begin PBXResourcesBuildPhase section */
		055CBC4528008F7C00A4DC36 /* Resources */ = {
			isa = PBXResourcesBuildPhase;
			buildActionMask = 2147483647;
			files = (
				055CBC5228008F7D00A4DC36 /* Preview Assets.xcassets in Resources */,
				055CBC4F28008F7D00A4DC36 /* Assets.xcassets in Resources */,
			);
			runOnlyForDeploymentPostprocessing = 0;
		};
/* End PBXResourcesBuildPhase section */

/* Begin PBXSourcesBuildPhase section */
		055CBC4328008F7C00A4DC36 /* Sources */ = {
			isa = PBXSourcesBuildPhase;
			buildActionMask = 2147483647;
			files = (
				055CBC4D28008F7C00A4DC36 /* ContentView.swift in Sources */,
				055CBC7728014F7900A4DC36 /* SecondView.swift in Sources */,
				055CBC7928014F8300A4DC36 /* FirstView.swift in Sources */,
				055CBC73280149E900A4DC36 /* NavigationStackView.swift in Sources */,
				056396082801CF8A006F5C2B /* FourthView.swift in Sources */,
				056396062801CF1A006F5C2B /* ThirdView.swift in Sources */,
				055CBC4B28008F7C00A4DC36 /* MyNavigationApp.swift in Sources */,
			);
			runOnlyForDeploymentPostprocessing = 0;
		};
/* End PBXSourcesBuildPhase section */

/* Begin XCBuildConfiguration section */
		055CBC5328008F7D00A4DC36 /* Debug */ = {
			isa = XCBuildConfiguration;
			buildSettings = {
				ALWAYS_SEARCH_USER_PATHS = NO;
				CLANG_ANALYZER_NONNULL = YES;
				CLANG_ANALYZER_NUMBER_OBJECT_CONVERSION = YES_AGGRESSIVE;
				CLANG_CXX_LANGUAGE_STANDARD = "gnu++17";
				CLANG_CXX_LIBRARY = "libc++";
				CLANG_ENABLE_MODULES = YES;
				CLANG_ENABLE_OBJC_ARC = YES;
				CLANG_ENABLE_OBJC_WEAK = YES;
				CLANG_WARN_BLOCK_CAPTURE_AUTORELEASING = YES;
				CLANG_WARN_BOOL_CONVERSION = YES;
				CLANG_WARN_COMMA = YES;
				CLANG_WARN_CONSTANT_CONVERSION = YES;
				CLANG_WARN_DEPRECATED_OBJC_IMPLEMENTATIONS = YES;
				CLANG_WARN_DIRECT_OBJC_ISA_USAGE = YES_ERROR;
				CLANG_WARN_DOCUMENTATION_COMMENTS = YES;
				CLANG_WARN_EMPTY_BODY = YES;
				CLANG_WARN_ENUM_CONVERSION = YES;
				CLANG_WARN_INFINITE_RECURSION = YES;
				CLANG_WARN_INT_CONVERSION = YES;
				CLANG_WARN_NON_LITERAL_NULL_CONVERSION = YES;
				CLANG_WARN_OBJC_IMPLICIT_RETAIN_SELF = YES;
				CLANG_WARN_OBJC_LITERAL_CONVERSION = YES;
				CLANG_WARN_OBJC_ROOT_CLASS = YES_ERROR;
				CLANG_WARN_QUOTED_INCLUDE_IN_FRAMEWORK_HEADER = YES;
				CLANG_WARN_RANGE_LOOP_ANALYSIS = YES;
				CLANG_WARN_STRICT_PROTOTYPES = YES;
				CLANG_WARN_SUSPICIOUS_MOVE = YES;
				CLANG_WARN_UNGUARDED_AVAILABILITY = YES_AGGRESSIVE;
				CLANG_WARN_UNREACHABLE_CODE = YES;
				CLANG_WARN__DUPLICATE_METHOD_MATCH = YES;
				COPY_PHASE_STRIP = NO;
				DEBUG_INFORMATION_FORMAT = dwarf;
				ENABLE_STRICT_OBJC_MSGSEND = YES;
				ENABLE_TESTABILITY = YES;
				GCC_C_LANGUAGE_STANDARD = gnu11;
				GCC_DYNAMIC_NO_PIC = NO;
				GCC_NO_COMMON_BLOCKS = YES;
				GCC_OPTIMIZATION_LEVEL = 0;
				GCC_PREPROCESSOR_DEFINITIONS = (
					"DEBUG=1",
					"$(inherited)",
				);
				GCC_WARN_64_TO_32_BIT_CONVERSION = YES;
				GCC_WARN_ABOUT_RETURN_TYPE = YES_ERROR;
				GCC_WARN_UNDECLARED_SELECTOR = YES;
				GCC_WARN_UNINITIALIZED_AUTOS = YES_AGGRESSIVE;
				GCC_WARN_UNUSED_FUNCTION = YES;
				GCC_WARN_UNUSED_VARIABLE = YES;
				IPHONEOS_DEPLOYMENT_TARGET = 15.0;
				MTL_ENABLE_DEBUG_INFO = INCLUDE_SOURCE;
				MTL_FAST_MATH = YES;
				ONLY_ACTIVE_ARCH = YES;
				SDKROOT = iphoneos;
				SWIFT_ACTIVE_COMPILATION_CONDITIONS = DEBUG;
				SWIFT_OPTIMIZATION_LEVEL = "-Onone";
			};
			name = Debug;
		};
		055CBC5428008F7D00A4DC36 /* Release */ = {
			isa = XCBuildConfiguration;
			buildSettings = {
				ALWAYS_SEARCH_USER_PATHS = NO;
				CLANG_ANALYZER_NONNULL = YES;
				CLANG_ANALYZER_NUMBER_OBJECT_CONVERSION = YES_AGGRESSIVE;
				CLANG_CXX_LANGUAGE_STANDARD = "gnu++17";
				CLANG_CXX_LIBRARY = "libc++";
				CLANG_ENABLE_MODULES = YES;
				CLANG_ENABLE_OBJC_ARC = YES;
				CLANG_ENABLE_OBJC_WEAK = YES;
				CLANG_WARN_BLOCK_CAPTURE_AUTORELEASING = YES;
				CLANG_WARN_BOOL_CONVERSION = YES;
				CLANG_WARN_COMMA = YES;
				CLANG_WARN_CONSTANT_CONVERSION = YES;
				CLANG_WARN_DEPRECATED_OBJC_IMPLEMENTATIONS = YES;
				CLANG_WARN_DIRECT_OBJC_ISA_USAGE = YES_ERROR;
				CLANG_WARN_DOCUMENTATION_COMMENTS = YES;
				CLANG_WARN_EMPTY_BODY = YES;
				CLANG_WARN_ENUM_CONVERSION = YES;
				CLANG_WARN_INFINITE_RECURSION = YES;
				CLANG_WARN_INT_CONVERSION = YES;
				CLANG_WARN_NON_LITERAL_NULL_CONVERSION = YES;
				CLANG_WARN_OBJC_IMPLICIT_RETAIN_SELF = YES;
				CLANG_WARN_OBJC_LITERAL_CONVERSION = YES;
				CLANG_WARN_OBJC_ROOT_CLASS = YES_ERROR;
				CLANG_WARN_QUOTED_INCLUDE_IN_FRAMEWORK_HEADER = YES;
				CLANG_WARN_RANGE_LOOP_ANALYSIS = YES;
				CLANG_WARN_STRICT_PROTOTYPES = YES;
				CLANG_WARN_SUSPICIOUS_MOVE = YES;
				CLANG_WARN_UNGUARDED_AVAILABILITY = YES_AGGRESSIVE;
				CLANG_WARN_UNREACHABLE_CODE = YES;
				CLANG_WARN__DUPLICATE_METHOD_MATCH = YES;
				COPY_PHASE_STRIP = NO;
				DEBUG_INFORMATION_FORMAT = "dwarf-with-dsym";
				ENABLE_NS_ASSERTIONS = NO;
				ENABLE_STRICT_OBJC_MSGSEND = YES;
				GCC_C_LANGUAGE_STANDARD = gnu11;
				GCC_NO_COMMON_BLOCKS = YES;
				GCC_WARN_64_TO_32_BIT_CONVERSION = YES;
				GCC_WARN_ABOUT_RETURN_TYPE = YES_ERROR;
				GCC_WARN_UNDECLARED_SELECTOR = YES;
				GCC_WARN_UNINITIALIZED_AUTOS = YES_AGGRESSIVE;
				GCC_WARN_UNUSED_FUNCTION = YES;
				GCC_WARN_UNUSED_VARIABLE = YES;
				IPHONEOS_DEPLOYMENT_TARGET = 15.0;
				MTL_ENABLE_DEBUG_INFO = NO;
				MTL_FAST_MATH = YES;
				SDKROOT = iphoneos;
				SWIFT_COMPILATION_MODE = wholemodule;
				SWIFT_OPTIMIZATION_LEVEL = "-O";
				VALIDATE_PRODUCT = YES;
			};
			name = Release;
		};
		055CBC5628008F7D00A4DC36 /* Debug */ = {
			isa = XCBuildConfiguration;
			buildSettings = {
				ASSETCATALOG_COMPILER_APPICON_NAME = AppIcon;
				ASSETCATALOG_COMPILER_GLOBAL_ACCENT_COLOR_NAME = AccentColor;
				CODE_SIGN_STYLE = Automatic;
				CURRENT_PROJECT_VERSION = 1;
				DEVELOPMENT_ASSET_PATHS = "\"MyNavigation/Preview Content\"";
				DEVELOPMENT_TEAM = 995JCBZCD8;
				ENABLE_PREVIEWS = YES;
				GENERATE_INFOPLIST_FILE = YES;
				INFOPLIST_KEY_UIApplicationSceneManifest_Generation = YES;
				INFOPLIST_KEY_UIApplicationSupportsIndirectInputEvents = YES;
				INFOPLIST_KEY_UILaunchScreen_Generation = YES;
				INFOPLIST_KEY_UISupportedInterfaceOrientations_iPad = "UIInterfaceOrientationPortrait UIInterfaceOrientationPortraitUpsideDown UIInterfaceOrientationLandscapeLeft UIInterfaceOrientationLandscapeRight";
				INFOPLIST_KEY_UISupportedInterfaceOrientations_iPhone = "UIInterfaceOrientationPortrait UIInterfaceOrientationLandscapeLeft UIInterfaceOrientationLandscapeRight";
				LD_RUNPATH_SEARCH_PATHS = (
					"$(inherited)",
					"@executable_path/Frameworks",
				);
				MARKETING_VERSION = 1.0;
				PRODUCT_BUNDLE_IDENTIFIER = com.takumi1995776.MyNavigation;
				PRODUCT_NAME = "$(TARGET_NAME)";
				SWIFT_EMIT_LOC_STRINGS = YES;
				SWIFT_VERSION = 5.0;
				TARGETED_DEVICE_FAMILY = "1,2";
			};
			name = Debug;
		};
		055CBC5728008F7D00A4DC36 /* Release */ = {
			isa = XCBuildConfiguration;
			buildSettings = {
				ASSETCATALOG_COMPILER_APPICON_NAME = AppIcon;
				ASSETCATALOG_COMPILER_GLOBAL_ACCENT_COLOR_NAME = AccentColor;
				CODE_SIGN_STYLE = Automatic;
				CURRENT_PROJECT_VERSION = 1;
				DEVELOPMENT_ASSET_PATHS = "\"MyNavigation/Preview Content\"";
				DEVELOPMENT_TEAM = 995JCBZCD8;
				ENABLE_PREVIEWS = YES;
				GENERATE_INFOPLIST_FILE = YES;
				INFOPLIST_KEY_UIApplicationSceneManifest_Generation = YES;
				INFOPLIST_KEY_UIApplicationSupportsIndirectInputEvents = YES;
				INFOPLIST_KEY_UILaunchScreen_Generation = YES;
				INFOPLIST_KEY_UISupportedInterfaceOrientations_iPad = "UIInterfaceOrientationPortrait UIInterfaceOrientationPortraitUpsideDown UIInterfaceOrientationLandscapeLeft UIInterfaceOrientationLandscapeRight";
				INFOPLIST_KEY_UISupportedInterfaceOrientations_iPhone = "UIInterfaceOrientationPortrait UIInterfaceOrientationLandscapeLeft UIInterfaceOrientationLandscapeRight";
				LD_RUNPATH_SEARCH_PATHS = (
					"$(inherited)",
					"@executable_path/Frameworks",
				);
				MARKETING_VERSION = 1.0;
				PRODUCT_BUNDLE_IDENTIFIER = com.takumi1995776.MyNavigation;
				PRODUCT_NAME = "$(TARGET_NAME)";
				SWIFT_EMIT_LOC_STRINGS = YES;
				SWIFT_VERSION = 5.0;
				TARGETED_DEVICE_FAMILY = "1,2";
			};
			name = Release;
		};
/* End XCBuildConfiguration section */

/* Begin XCConfigurationList section */
		055CBC4228008F7C00A4DC36 /* Build configuration list for PBXProject "MyNavigation" */ = {
			isa = XCConfigurationList;
			buildConfigurations = (
				055CBC5328008F7D00A4DC36 /* Debug */,
				055CBC5428008F7D00A4DC36 /* Release */,
			);
			defaultConfigurationIsVisible = 0;
			defaultConfigurationName = Release;
		};
		055CBC5528008F7D00A4DC36 /* Build configuration list for PBXNativeTarget "MyNavigation" */ = {
			isa = XCConfigurationList;
			buildConfigurations = (
				055CBC5628008F7D00A4DC36 /* Debug */,
				055CBC5728008F7D00A4DC36 /* Release */,
			);
			defaultConfigurationIsVisible = 0;
			defaultConfigurationName = Release;
		};
/* End XCConfigurationList section */
	};
	rootObject = 055CBC3F28008F7C00A4DC36 /* Project object */;
}
